// !$*UTF8*$!
{
	archiveVersion = 1;
	classes = {
	};
	objectVersion = 50;
	objects = {

/* Begin PBXBuildFile section */
		3A92794FC0B2A524DE4B4A15 /* Pods_TaskTracker_IOS.framework in Frameworks */ = {isa = PBXBuildFile; fileRef = 6243B9B670C017CD37CB58B3 /* Pods_TaskTracker_IOS.framework */; };
		819BCBE82108C0280061E059 /* CreateTodoController.swift in Sources */ = {isa = PBXBuildFile; fileRef = 819BCBE02108C0270061E059 /* CreateTodoController.swift */; };
		819BCBE92108C0280061E059 /* ProjectsController.swift in Sources */ = {isa = PBXBuildFile; fileRef = 819BCBE12108C0270061E059 /* ProjectsController.swift */; };
		819BCBEA2108C0280061E059 /* TodoCell.swift in Sources */ = {isa = PBXBuildFile; fileRef = 819BCBE22108C0270061E059 /* TodoCell.swift */; };
		819BCBEB2108C0280061E059 /* TodoTextCell.swift in Sources */ = {isa = PBXBuildFile; fileRef = 819BCBE32108C0270061E059 /* TodoTextCell.swift */; };
		819BCBEC2108C0280061E059 /* Main.storyboard in Resources */ = {isa = PBXBuildFile; fileRef = 819BCBE42108C0270061E059 /* Main.storyboard */; };
		819BCBF0210B121A0061E059 /* Project.swift in Sources */ = {isa = PBXBuildFile; fileRef = 819BCBEF210B121A0061E059 /* Project.swift */; };
		819BCBF2210B121D0061E059 /* Todo.swift in Sources */ = {isa = PBXBuildFile; fileRef = 819BCBF1210B121D0061E059 /* Todo.swift */; };
		81C30C93210886C100D18A17 /* AppDelegate.swift in Sources */ = {isa = PBXBuildFile; fileRef = 81C30C92210886C100D18A17 /* AppDelegate.swift */; };
		81C30C9A210886C600D18A17 /* Assets.xcassets in Resources */ = {isa = PBXBuildFile; fileRef = 81C30C99210886C600D18A17 /* Assets.xcassets */; };
		81C30CA921088FCE00D18A17 /* done.png in Resources */ = {isa = PBXBuildFile; fileRef = 81C30CA721088FCE00D18A17 /* done.png */; };
		81C30CAA21088FCE00D18A17 /* back_icon.png in Resources */ = {isa = PBXBuildFile; fileRef = 81C30CA821088FCE00D18A17 /* back_icon.png */; };
		81C30CDD2108995500D18A17 /* OpenSans-Semibold.ttf in Resources */ = {isa = PBXBuildFile; fileRef = 81C30CD92108995400D18A17 /* OpenSans-Semibold.ttf */; };
		81C30CDE2108995500D18A17 /* OpenSans-Light.ttf in Resources */ = {isa = PBXBuildFile; fileRef = 81C30CDA2108995400D18A17 /* OpenSans-Light.ttf */; };
		81C30CDF2108995500D18A17 /* OpenSans-Bold.ttf in Resources */ = {isa = PBXBuildFile; fileRef = 81C30CDB2108995400D18A17 /* OpenSans-Bold.ttf */; };
		81C30CE02108995500D18A17 /* OpenSans-Regular.ttf in Resources */ = {isa = PBXBuildFile; fileRef = 81C30CDC2108995400D18A17 /* OpenSans-Regular.ttf */; };
/* End PBXBuildFile section */

/* Begin PBXFileReference section */
		6243B9B670C017CD37CB58B3 /* Pods_TaskTracker_IOS.framework */ = {isa = PBXFileReference; explicitFileType = wrapper.framework; includeInIndex = 0; path = Pods_TaskTracker_IOS.framework; sourceTree = BUILT_PRODUCTS_DIR; };
		6275FB4464B80125EA691A06 /* Pods-TaskTracker-IOS.release.xcconfig */ = {isa = PBXFileReference; includeInIndex = 1; lastKnownFileType = text.xcconfig; name = "Pods-TaskTracker-IOS.release.xcconfig"; path = "Pods/Target Support Files/Pods-TaskTracker-IOS/Pods-TaskTracker-IOS.release.xcconfig"; sourceTree = "<group>"; };
		819BCBE02108C0270061E059 /* CreateTodoController.swift */ = {isa = PBXFileReference; fileEncoding = 4; lastKnownFileType = sourcecode.swift; path = CreateTodoController.swift; sourceTree = "<group>"; };
		819BCBE12108C0270061E059 /* ProjectsController.swift */ = {isa = PBXFileReference; fileEncoding = 4; lastKnownFileType = sourcecode.swift; path = ProjectsController.swift; sourceTree = "<group>"; };
		819BCBE22108C0270061E059 /* TodoCell.swift */ = {isa = PBXFileReference; fileEncoding = 4; lastKnownFileType = sourcecode.swift; path = TodoCell.swift; sourceTree = "<group>"; };
		819BCBE32108C0270061E059 /* TodoTextCell.swift */ = {isa = PBXFileReference; fileEncoding = 4; lastKnownFileType = sourcecode.swift; path = TodoTextCell.swift; sourceTree = "<group>"; };
		819BCBE42108C0270061E059 /* Main.storyboard */ = {isa = PBXFileReference; fileEncoding = 4; lastKnownFileType = file.storyboard; path = Main.storyboard; sourceTree = "<group>"; };
		819BCBEF210B121A0061E059 /* Project.swift */ = {isa = PBXFileReference; lastKnownFileType = sourcecode.swift; path = Project.swift; sourceTree = "<group>"; };
		819BCBF1210B121D0061E059 /* Todo.swift */ = {isa = PBXFileReference; lastKnownFileType = sourcecode.swift; path = Todo.swift; sourceTree = "<group>"; };
		81C30C8F210886C100D18A17 /* TaskTracker-IOS.app */ = {isa = PBXFileReference; explicitFileType = wrapper.application; includeInIndex = 0; path = "TaskTracker-IOS.app"; sourceTree = BUILT_PRODUCTS_DIR; };
		81C30C92210886C100D18A17 /* AppDelegate.swift */ = {isa = PBXFileReference; lastKnownFileType = sourcecode.swift; path = AppDelegate.swift; sourceTree = "<group>"; };
		81C30C99210886C600D18A17 /* Assets.xcassets */ = {isa = PBXFileReference; lastKnownFileType = folder.assetcatalog; path = Assets.xcassets; sourceTree = "<group>"; };
		81C30C9E210886C600D18A17 /* Info.plist */ = {isa = PBXFileReference; lastKnownFileType = text.plist.xml; path = Info.plist; sourceTree = "<group>"; };
		81C30CA721088FCE00D18A17 /* done.png */ = {isa = PBXFileReference; lastKnownFileType = image.png; path = done.png; sourceTree = "<group>"; };
		81C30CA821088FCE00D18A17 /* back_icon.png */ = {isa = PBXFileReference; lastKnownFileType = image.png; path = back_icon.png; sourceTree = "<group>"; };
		81C30CD92108995400D18A17 /* OpenSans-Semibold.ttf */ = {isa = PBXFileReference; lastKnownFileType = file; path = "OpenSans-Semibold.ttf"; sourceTree = "<group>"; };
		81C30CDA2108995400D18A17 /* OpenSans-Light.ttf */ = {isa = PBXFileReference; lastKnownFileType = file; path = "OpenSans-Light.ttf"; sourceTree = "<group>"; };
		81C30CDB2108995400D18A17 /* OpenSans-Bold.ttf */ = {isa = PBXFileReference; lastKnownFileType = file; path = "OpenSans-Bold.ttf"; sourceTree = "<group>"; };
		81C30CDC2108995400D18A17 /* OpenSans-Regular.ttf */ = {isa = PBXFileReference; lastKnownFileType = file; path = "OpenSans-Regular.ttf"; sourceTree = "<group>"; };
		B193AE954A94BBFC5E5524E7 /* Pods-TaskTracker-IOS.debug.xcconfig */ = {isa = PBXFileReference; includeInIndex = 1; lastKnownFileType = text.xcconfig; name = "Pods-TaskTracker-IOS.debug.xcconfig"; path = "Pods/Target Support Files/Pods-TaskTracker-IOS/Pods-TaskTracker-IOS.debug.xcconfig"; sourceTree = "<group>"; };
/* End PBXFileReference section */

/* Begin PBXFrameworksBuildPhase section */
		81C30C8C210886C100D18A17 /* Frameworks */ = {
			isa = PBXFrameworksBuildPhase;
			buildActionMask = 2147483647;
			files = (
				3A92794FC0B2A524DE4B4A15 /* Pods_TaskTracker_IOS.framework in Frameworks */,
			);
			runOnlyForDeploymentPostprocessing = 0;
		};
/* End PBXFrameworksBuildPhase section */

/* Begin PBXGroup section */
		81C30C86210886C100D18A17 = {
			isa = PBXGroup;
			children = (
				81C30C91210886C100D18A17 /* TaskTracker-IOS */,
				81C30C90210886C100D18A17 /* Products */,
				9377283B5DA327914B680F33 /* Pods */,
				E70552DCCCB16BE27C6BA13B /* Frameworks */,
			);
			sourceTree = "<group>";
		};
		81C30C90210886C100D18A17 /* Products */ = {
			isa = PBXGroup;
			children = (
				81C30C8F210886C100D18A17 /* TaskTracker-IOS.app */,
			);
			name = Products;
			sourceTree = "<group>";
		};
		81C30C91210886C100D18A17 /* TaskTracker-IOS */ = {
			isa = PBXGroup;
			children = (
				819BCBF1210B121D0061E059 /* Todo.swift */,
				819BCBEF210B121A0061E059 /* Project.swift */,
				819BCBE02108C0270061E059 /* CreateTodoController.swift */,
				819BCBE42108C0270061E059 /* Main.storyboard */,
				819BCBE12108C0270061E059 /* ProjectsController.swift */,
				819BCBE22108C0270061E059 /* TodoCell.swift */,
				819BCBE32108C0270061E059 /* TodoTextCell.swift */,
				81C30CD82108995400D18A17 /* fonts */,
				81C30CA621088FCE00D18A17 /* Images */,
				81C30C92210886C100D18A17 /* AppDelegate.swift */,
				81C30C99210886C600D18A17 /* Assets.xcassets */,
				81C30C9E210886C600D18A17 /* Info.plist */,
			);
			path = "TaskTracker-IOS";
			sourceTree = "<group>";
		};
		81C30CA621088FCE00D18A17 /* Images */ = {
			isa = PBXGroup;
			children = (
				81C30CA721088FCE00D18A17 /* done.png */,
				81C30CA821088FCE00D18A17 /* back_icon.png */,
			);
			path = Images;
			sourceTree = "<group>";
		};
		81C30CD82108995400D18A17 /* fonts */ = {
			isa = PBXGroup;
			children = (
				81C30CD92108995400D18A17 /* OpenSans-Semibold.ttf */,
				81C30CDA2108995400D18A17 /* OpenSans-Light.ttf */,
				81C30CDB2108995400D18A17 /* OpenSans-Bold.ttf */,
				81C30CDC2108995400D18A17 /* OpenSans-Regular.ttf */,
			);
			path = fonts;
			sourceTree = "<group>";
		};
		9377283B5DA327914B680F33 /* Pods */ = {
			isa = PBXGroup;
			children = (
				B193AE954A94BBFC5E5524E7 /* Pods-TaskTracker-IOS.debug.xcconfig */,
				6275FB4464B80125EA691A06 /* Pods-TaskTracker-IOS.release.xcconfig */,
			);
			name = Pods;
			sourceTree = "<group>";
		};
		E70552DCCCB16BE27C6BA13B /* Frameworks */ = {
			isa = PBXGroup;
			children = (
				6243B9B670C017CD37CB58B3 /* Pods_TaskTracker_IOS.framework */,
			);
			name = Frameworks;
			sourceTree = "<group>";
		};
/* End PBXGroup section */

/* Begin PBXNativeTarget section */
		81C30C8E210886C100D18A17 /* TaskTracker-IOS */ = {
			isa = PBXNativeTarget;
			buildConfigurationList = 81C30CA1210886C600D18A17 /* Build configuration list for PBXNativeTarget "TaskTracker-IOS" */;
			buildPhases = (
				781BD65F7B95A90B342EE9F7 /* [CP] Check Pods Manifest.lock */,
				81C30C8B210886C100D18A17 /* Sources */,
				81C30C8C210886C100D18A17 /* Frameworks */,
				81C30C8D210886C100D18A17 /* Resources */,
				F1CB7F5219E2163FD9FEBBAF /* [CP] Embed Pods Frameworks */,
			);
			buildRules = (
			);
			dependencies = (
			);
			name = "TaskTracker-IOS";
			productName = "TaskTracker-IOS";
			productReference = 81C30C8F210886C100D18A17 /* TaskTracker-IOS.app */;
			productType = "com.apple.product-type.application";
		};
/* End PBXNativeTarget section */

/* Begin PBXProject section */
		81C30C87210886C100D18A17 /* Project object */ = {
			isa = PBXProject;
			attributes = {
				LastSwiftUpdateCheck = 0940;
				LastUpgradeCheck = 0940;
				ORGANIZATIONNAME = Aldres;
				TargetAttributes = {
					81C30C8E210886C100D18A17 = {
						CreatedOnToolsVersion = 9.4.1;
					};
				};
			};
			buildConfigurationList = 81C30C8A210886C100D18A17 /* Build configuration list for PBXProject "TaskTracker-IOS" */;
			compatibilityVersion = "Xcode 9.3";
			developmentRegion = en;
			hasScannedForEncodings = 0;
			knownRegions = (
				en,
				Base,
			);
			mainGroup = 81C30C86210886C100D18A17;
			productRefGroup = 81C30C90210886C100D18A17 /* Products */;
			projectDirPath = "";
			projectRoot = "";
			targets = (
				81C30C8E210886C100D18A17 /* TaskTracker-IOS */,
			);
		};
/* End PBXProject section */

/* Begin PBXResourcesBuildPhase section */
		81C30C8D210886C100D18A17 /* Resources */ = {
			isa = PBXResourcesBuildPhase;
			buildActionMask = 2147483647;
			files = (
				81C30CE02108995500D18A17 /* OpenSans-Regular.ttf in Resources */,
				81C30CA921088FCE00D18A17 /* done.png in Resources */,
				81C30CDE2108995500D18A17 /* OpenSans-Light.ttf in Resources */,
				819BCBEC2108C0280061E059 /* Main.storyboard in Resources */,
				81C30C9A210886C600D18A17 /* Assets.xcassets in Resources */,
				81C30CDF2108995500D18A17 /* OpenSans-Bold.ttf in Resources */,
				81C30CDD2108995500D18A17 /* OpenSans-Semibold.ttf in Resources */,
				81C30CAA21088FCE00D18A17 /* back_icon.png in Resources */,
			);
			runOnlyForDeploymentPostprocessing = 0;
		};
/* End PBXResourcesBuildPhase section */

/* Begin PBXShellScriptBuildPhase section */
		781BD65F7B95A90B342EE9F7 /* [CP] Check Pods Manifest.lock */ = {
			isa = PBXShellScriptBuildPhase;
			buildActionMask = 2147483647;
			files = (
			);
			inputPaths = (
				"${PODS_PODFILE_DIR_PATH}/Podfile.lock",
				"${PODS_ROOT}/Manifest.lock",
			);
			name = "[CP] Check Pods Manifest.lock";
			outputPaths = (
				"$(DERIVED_FILE_DIR)/Pods-TaskTracker-IOS-checkManifestLockResult.txt",
			);
			runOnlyForDeploymentPostprocessing = 0;
			shellPath = /bin/sh;
			shellScript = "diff \"${PODS_PODFILE_DIR_PATH}/Podfile.lock\" \"${PODS_ROOT}/Manifest.lock\" > /dev/null\nif [ $? != 0 ] ; then\n    # print error to STDERR\n    echo \"error: The sandbox is not in sync with the Podfile.lock. Run 'pod install' or update your CocoaPods installation.\" >&2\n    exit 1\nfi\n# This output is used by Xcode 'outputs' to avoid re-running this script phase.\necho \"SUCCESS\" > \"${SCRIPT_OUTPUT_FILE_0}\"\n";
			showEnvVarsInLog = 0;
		};
		F1CB7F5219E2163FD9FEBBAF /* [CP] Embed Pods Frameworks */ = {
			isa = PBXShellScriptBuildPhase;
			buildActionMask = 2147483647;
			files = (
			);
			inputPaths = (
				"${SRCROOT}/Pods/Target Support Files/Pods-TaskTracker-IOS/Pods-TaskTracker-IOS-frameworks.sh",
				"${BUILT_PRODUCTS_DIR}/Alamofire/Alamofire.framework",
				"${BUILT_PRODUCTS_DIR}/CodableAlamofire/CodableAlamofire.framework",
				"${BUILT_PRODUCTS_DIR}/M13Checkbox/M13Checkbox.framework",
				"${BUILT_PRODUCTS_DIR}/SwiftyJSON/SwiftyJSON.framework",
			);
			name = "[CP] Embed Pods Frameworks";
			outputPaths = (
				"${TARGET_BUILD_DIR}/${FRAMEWORKS_FOLDER_PATH}/Alamofire.framework",
				"${TARGET_BUILD_DIR}/${FRAMEWORKS_FOLDER_PATH}/CodableAlamofire.framework",
				"${TARGET_BUILD_DIR}/${FRAMEWORKS_FOLDER_PATH}/M13Checkbox.framework",
				"${TARGET_BUILD_DIR}/${FRAMEWORKS_FOLDER_PATH}/SwiftyJSON.framework",
			);
			runOnlyForDeploymentPostprocessing = 0;
			shellPath = /bin/sh;
			shellScript = "\"${SRCROOT}/Pods/Target Support Files/Pods-TaskTracker-IOS/Pods-TaskTracker-IOS-frameworks.sh\"\n";
			showEnvVarsInLog = 0;
		};
/* End PBXShellScriptBuildPhase section */

/* Begin PBXSourcesBuildPhase section */
		81C30C8B210886C100D18A17 /* Sources */ = {
			isa = PBXSourcesBuildPhase;
			buildActionMask = 2147483647;
			files = (
				819BCBEB2108C0280061E059 /* TodoTextCell.swift in Sources */,
				819BCBE92108C0280061E059 /* ProjectsController.swift in Sources */,
				81C30C93210886C100D18A17 /* AppDelegate.swift in Sources */,
				819BCBF2210B121D0061E059 /* Todo.swift in Sources */,
				819BCBEA2108C0280061E059 /* TodoCell.swift in Sources */,
				819BCBE82108C0280061E059 /* CreateTodoController.swift in Sources */,
				819BCBF0210B121A0061E059 /* Project.swift in Sources */,
			);
			runOnlyForDeploymentPostprocessing = 0;
		};
/* End PBXSourcesBuildPhase section */

/* Begin XCBuildConfiguration section */
		81C30C9F210886C600D18A17 /* Debug */ = {
			isa = XCBuildConfiguration;
			buildSettings = {
				ALWAYS_SEARCH_USER_PATHS = NO;
				CLANG_ANALYZER_NONNULL = YES;
				CLANG_ANALYZER_NUMBER_OBJECT_CONVERSION = YES_AGGRESSIVE;
				CLANG_CXX_LANGUAGE_STANDARD = "gnu++14";
				CLANG_CXX_LIBRARY = "libc++";
				CLANG_ENABLE_MODULES = YES;
				CLANG_ENABLE_OBJC_ARC = YES;
				CLANG_ENABLE_OBJC_WEAK = YES;
				CLANG_WARN_BLOCK_CAPTURE_AUTORELEASING = YES;
				CLANG_WARN_BOOL_CONVERSION = YES;
				CLANG_WARN_COMMA = YES;
				CLANG_WARN_CONSTANT_CONVERSION = YES;
				CLANG_WARN_DEPRECATED_OBJC_IMPLEMENTATIONS = YES;
				CLANG_WARN_DIRECT_OBJC_ISA_USAGE = YES_ERROR;
				CLANG_WARN_DOCUMENTATION_COMMENTS = YES;
				CLANG_WARN_EMPTY_BODY = YES;
				CLANG_WARN_ENUM_CONVERSION = YES;
				CLANG_WARN_INFINITE_RECURSION = YES;
				CLANG_WARN_INT_CONVERSION = YES;
				CLANG_WARN_NON_LITERAL_NULL_CONVERSION = YES;
				CLANG_WARN_OBJC_IMPLICIT_RETAIN_SELF = YES;
				CLANG_WARN_OBJC_LITERAL_CONVERSION = YES;
				CLANG_WARN_OBJC_ROOT_CLASS = YES_ERROR;
				CLANG_WARN_RANGE_LOOP_ANALYSIS = YES;
				CLANG_WARN_STRICT_PROTOTYPES = YES;
				CLANG_WARN_SUSPICIOUS_MOVE = YES;
				CLANG_WARN_UNGUARDED_AVAILABILITY = YES_AGGRESSIVE;
				CLANG_WARN_UNREACHABLE_CODE = YES;
				CLANG_WARN__DUPLICATE_METHOD_MATCH = YES;
				CODE_SIGN_IDENTITY = "iPhone Developer";
				COPY_PHASE_STRIP = NO;
				DEBUG_INFORMATION_FORMAT = dwarf;
				ENABLE_STRICT_OBJC_MSGSEND = YES;
				ENABLE_TESTABILITY = YES;
				GCC_C_LANGUAGE_STANDARD = gnu11;
				GCC_DYNAMIC_NO_PIC = NO;
				GCC_NO_COMMON_BLOCKS = YES;
				GCC_OPTIMIZATION_LEVEL = 0;
				GCC_PREPROCESSOR_DEFINITIONS = (
					"DEBUG=1",
					"$(inherited)",
				);
				GCC_WARN_64_TO_32_BIT_CONVERSION = YES;
				GCC_WARN_ABOUT_RETURN_TYPE = YES_ERROR;
				GCC_WARN_UNDECLARED_SELECTOR = YES;
				GCC_WARN_UNINITIALIZED_AUTOS = YES_AGGRESSIVE;
				GCC_WARN_UNUSED_FUNCTION = YES;
				GCC_WARN_UNUSED_VARIABLE = YES;
				IPHONEOS_DEPLOYMENT_TARGET = 11.4;
				MTL_ENABLE_DEBUG_INFO = YES;
				ONLY_ACTIVE_ARCH = YES;
				SDKROOT = iphoneos;
				SWIFT_ACTIVE_COMPILATION_CONDITIONS = DEBUG;
				SWIFT_OPTIMIZATION_LEVEL = "-Onone";
			};
			name = Debug;
		};
		81C30CA0210886C600D18A17 /* Release */ = {
			isa = XCBuildConfiguration;
			buildSettings = {
				ALWAYS_SEARCH_USER_PATHS = NO;
				CLANG_ANALYZER_NONNULL = YES;
				CLANG_ANALYZER_NUMBER_OBJECT_CONVERSION = YES_AGGRESSIVE;
				CLANG_CXX_LANGUAGE_STANDARD = "gnu++14";
				CLANG_CXX_LIBRARY = "libc++";
				CLANG_ENABLE_MODULES = YES;
				CLANG_ENABLE_OBJC_ARC = YES;
				CLANG_ENABLE_OBJC_WEAK = YES;
				CLANG_WARN_BLOCK_CAPTURE_AUTORELEASING = YES;
				CLANG_WARN_BOOL_CONVERSION = YES;
				CLANG_WARN_COMMA = YES;
				CLANG_WARN_CONSTANT_CONVERSION = YES;
				CLANG_WARN_DEPRECATED_OBJC_IMPLEMENTATIONS = YES;
				CLANG_WARN_DIRECT_OBJC_ISA_USAGE = YES_ERROR;
				CLANG_WARN_DOCUMENTATION_COMMENTS = YES;
				CLANG_WARN_EMPTY_BODY = YES;
				CLANG_WARN_ENUM_CONVERSION = YES;
				CLANG_WARN_INFINITE_RECURSION = YES;
				CLANG_WARN_INT_CONVERSION = YES;
				CLANG_WARN_NON_LITERAL_NULL_CONVERSION = YES;
				CLANG_WARN_OBJC_IMPLICIT_RETAIN_SELF = YES;
				CLANG_WARN_OBJC_LITERAL_CONVERSION = YES;
				CLANG_WARN_OBJC_ROOT_CLASS = YES_ERROR;
				CLANG_WARN_RANGE_LOOP_ANALYSIS = YES;
				CLANG_WARN_STRICT_PROTOTYPES = YES;
				CLANG_WARN_SUSPICIOUS_MOVE = YES;
				CLANG_WARN_UNGUARDED_AVAILABILITY = YES_AGGRESSIVE;
				CLANG_WARN_UNREACHABLE_CODE = YES;
				CLANG_WARN__DUPLICATE_METHOD_MATCH = YES;
				CODE_SIGN_IDENTITY = "iPhone Developer";
				COPY_PHASE_STRIP = NO;
				DEBUG_INFORMATION_FORMAT = "dwarf-with-dsym";
				ENABLE_NS_ASSERTIONS = NO;
				ENABLE_STRICT_OBJC_MSGSEND = YES;
				GCC_C_LANGUAGE_STANDARD = gnu11;
				GCC_NO_COMMON_BLOCKS = YES;
				GCC_WARN_64_TO_32_BIT_CONVERSION = YES;
				GCC_WARN_ABOUT_RETURN_TYPE = YES_ERROR;
				GCC_WARN_UNDECLARED_SELECTOR = YES;
				GCC_WARN_UNINITIALIZED_AUTOS = YES_AGGRESSIVE;
				GCC_WARN_UNUSED_FUNCTION = YES;
				GCC_WARN_UNUSED_VARIABLE = YES;
				IPHONEOS_DEPLOYMENT_TARGET = 11.4;
				MTL_ENABLE_DEBUG_INFO = NO;
				SDKROOT = iphoneos;
				SWIFT_COMPILATION_MODE = wholemodule;
				SWIFT_OPTIMIZATION_LEVEL = "-O";
				VALIDATE_PRODUCT = YES;
			};
			name = Release;
		};
		81C30CA2210886C600D18A17 /* Debug */ = {
			isa = XCBuildConfiguration;
			baseConfigurationReference = B193AE954A94BBFC5E5524E7 /* Pods-TaskTracker-IOS.debug.xcconfig */;
			buildSettings = {
				ASSETCATALOG_COMPILER_APPICON_NAME = AppIcon;
				CODE_SIGN_STYLE = Automatic;
				DEVELOPMENT_TEAM = Q3P5TQ6UJ7;
				INFOPLIST_FILE = "TaskTracker-IOS/Info.plist";
				LD_RUNPATH_SEARCH_PATHS = (
					"$(inherited)",
					"@executable_path/Frameworks",
				);
				PRODUCT_BUNDLE_IDENTIFIER = "Aldres.TaskTracker-IOS";
				PRODUCT_NAME = "$(TARGET_NAME)";
				SWIFT_VERSION = 4.0;
				TARGETED_DEVICE_FAMILY = "1,2";
			};
			name = Debug;
		};
		81C30CA3210886C600D18A17 /* Release */ = {
			isa = XCBuildConfiguration;
			baseConfigurationReference = 6275FB4464B80125EA691A06 /* Pods-TaskTracker-IOS.release.xcconfig */;
			buildSettings = {
				ASSETCATALOG_COMPILER_APPICON_NAME = AppIcon;
				CODE_SIGN_STYLE = Automatic;
				DEVELOPMENT_TEAM = Q3P5TQ6UJ7;
				INFOPLIST_FILE = "TaskTracker-IOS/Info.plist";
				LD_RUNPATH_SEARCH_PATHS = (
					"$(inherited)",
					"@executable_path/Frameworks",
				);
				PRODUCT_BUNDLE_IDENTIFIER = "Aldres.TaskTracker-IOS";
				PRODUCT_NAME = "$(TARGET_NAME)";
				SWIFT_VERSION = 4.0;
				TARGETED_DEVICE_FAMILY = "1,2";
			};
			name = Release;
		};
/* End XCBuildConfiguration section */

/* Begin XCConfigurationList section */
		81C30C8A210886C100D18A17 /* Build configuration list for PBXProject "TaskTracker-IOS" */ = {
			isa = XCConfigurationList;
			buildConfigurations = (
				81C30C9F210886C600D18A17 /* Debug */,
				81C30CA0210886C600D18A17 /* Release */,
			);
			defaultConfigurationIsVisible = 0;
			defaultConfigurationName = Release;
		};
		81C30CA1210886C600D18A17 /* Build configuration list for PBXNativeTarget "TaskTracker-IOS" */ = {
			isa = XCConfigurationList;
			buildConfigurations = (
				81C30CA2210886C600D18A17 /* Debug */,
				81C30CA3210886C600D18A17 /* Release */,
			);
			defaultConfigurationIsVisible = 0;
			defaultConfigurationName = Release;
		};
/* End XCConfigurationList section */
	};
	rootObject = 81C30C87210886C100D18A17 /* Project object */;
}
